
Microsoft Visual Studio Solution File, Format Version 12.00
# Visual Studio Version 16
VisualStudioVersion = 16.0.31702.278
MinimumVisualStudioVersion = 10.0.40219.1
Project("{FAE04EC0-301F-11D3-BF4B-00C04F79EFBC}") = "CursoMVC", "CursoMVC\CursoMVC.csproj", "{B855BB04-98DD-4B70-9921-DE358937BB2A}"
EndProject
Project("{FAE04EC0-301F-11D3-BF4B-00C04F79EFBC}") = "CursoAPI", "CursoAPI\CursoAPI.csproj", "{692D4FD3-DC71-44FB-85F5-27E91B199AC3}"
EndProject
Project("{FAE04EC0-301F-11D3-BF4B-00C04F79EFBC}") = "CursoTest", "CursoTest\CursoTest.csproj", "{EB352CA5-284B-41C9-8F31-D5C1100BB23F}"
EndProject
Global
	GlobalSection(SolutionConfigurationPlatforms) = preSolution
		Debug|Any CPU = Debug|Any CPU
		Release|Any CPU = Release|Any CPU
	EndGlobalSection
	GlobalSection(ProjectConfigurationPlatforms) = postSolution
		{B855BB04-98DD-4B70-9921-DE358937BB2A}.Debug|Any CPU.ActiveCfg = Debug|Any CPU
		{B855BB04-98DD-4B70-9921-DE358937BB2A}.Debug|Any CPU.Build.0 = Debug|Any CPU
		{B855BB04-98DD-4B70-9921-DE358937BB2A}.Release|Any CPU.ActiveCfg = Release|Any CPU
		{B855BB04-98DD-4B70-9921-DE358937BB2A}.Release|Any CPU.Build.0 = Release|Any CPU
		{692D4FD3-DC71-44FB-85F5-27E91B199AC3}.Debug|Any CPU.ActiveCfg = Debug|Any CPU
		{692D4FD3-DC71-44FB-85F5-27E91B199AC3}.Debug|Any CPU.Build.0 = Debug|Any CPU
		{692D4FD3-DC71-44FB-85F5-27E91B199AC3}.Release|Any CPU.ActiveCfg = Release|Any CPU
		{692D4FD3-DC71-44FB-85F5-27E91B199AC3}.Release|Any CPU.Build.0 = Release|Any CPU
		{EB352CA5-284B-41C9-8F31-D5C1100BB23F}.Debug|Any CPU.ActiveCfg = Debug|Any CPU
		{EB352CA5-284B-41C9-8F31-D5C1100BB23F}.Debug|Any CPU.Build.0 = Debug|Any CPU
		{EB352CA5-284B-41C9-8F31-D5C1100BB23F}.Release|Any CPU.ActiveCfg = Release|Any CPU
		{EB352CA5-284B-41C9-8F31-D5C1100BB23F}.Release|Any CPU.Build.0 = Release|Any CPU
	EndGlobalSection
	GlobalSection(SolutionProperties) = preSolution
		HideSolutionNode = FALSE
	EndGlobalSection
	GlobalSection(ExtensibilityGlobals) = postSolution
		SolutionGuid = {99AF9421-6479-4512-A0CB-1651AD2730D9}
	EndGlobalSection
EndGlobal
